{
  "name": "node",
  "version": "1.0.0",
  "lockfileVersion": 3,
  "requires": true,
  "packages": {
    "": {
      "name": "node",
      "version": "1.0.0",
      "license": "ISC",
      "dependencies": {
        "@pavelsobyanin/ajs": "^1.0.0"
      }
    },
    "node_modules/@pavelsobyanin/ajs": {
      "version": "1.0.0",
      "resolved": "https://npm.pkg.github.com/download/@pavelsobyanin/ajs/1.0.0/1b08701464687ebf35678031547e37b9dfcbaebe",
      "integrity": "sha512-/tUoBm1xfK/hr6iXjg5NJCZhLt3upIiNiPeeu6ab5GeDb0hqyfEt+DMz7lUkPq228ujSxyVoL9TUhNOv2cuPRQ==",
      "license": "ISC"
    }
  }
}
